
Microsoft Visual Studio Solution File, Format Version 12.00
# Visual Studio Version 17
VisualStudioVersion = 17.2.32526.322
MinimumVisualStudioVersion = 10.0.40219.1
Project("{FAE04EC0-301F-11D3-BF4B-00C04F79EFBC}") = "WordleInCS", "WordleInCS\WordleInCS.csproj", "{3195D3F7-214B-419E-8341-015C654C8369}"
EndProject
Global
	GlobalSection(SolutionConfigurationPlatforms) = preSolution
		Debug|Any CPU = Debug|Any CPU
		Release|Any CPU = Release|Any CPU
	EndGlobalSection
	GlobalSection(ProjectConfigurationPlatforms) = postSolution
		{3195D3F7-214B-419E-8341-015C654C8369}.Debug|Any CPU.ActiveCfg = Debug|Any CPU
		{3195D3F7-214B-419E-8341-015C654C8369}.Debug|Any CPU.Build.0 = Debug|Any CPU
		{3195D3F7-214B-419E-8341-015C654C8369}.Release|Any CPU.ActiveCfg = Release|Any CPU
		{3195D3F7-214B-419E-8341-015C654C8369}.Release|Any CPU.Build.0 = Release|Any CPU
	EndGlobalSection
	GlobalSection(SolutionProperties) = preSolution
		HideSolutionNode = FALSE
	EndGlobalSection
	GlobalSection(ExtensibilityGlobals) = postSolution
		SolutionGuid = {B4C9E605-C1AC-4354-8856-A03592DB601D}
	EndGlobalSection
EndGlobal
